{
  "version": 4,
  "terraform_version": "1.14.0",
  "serial": 52,
  "lineage": "ddee74f8-cc11-cba1-8bbd-0af5778274d7",
  "outputs": {
    "bootstrap_time": {
      "value": "Bootstrap takes ~10–12 minutes. Check progress with: tail -f /var/log/cloud-init-output.log",
      "type": "string"
    },
    "cloudwatch_log_group": {
      "value": "/minikube-obs/fluentbit",
      "type": "string"
    },
    "ec2_public_ip": {
      "value": "65.0.100.19",
      "type": "string"
    },
    "grafana_url": {
      "value": "http://65.0.100.19:30001",
      "type": "string"
    },
    "prometheus_url": {
      "value": "http://65.0.100.19:30000",
      "type": "string"
    },
    "sample_app_url": {
      "value": "http://65.0.100.19:30080",
      "type": "string"
    },
    "ssh_command": {
      "value": "ssh -i ec2_key.pem ec2-user@65.0.100.19",
      "type": "string"
    }
  },
  "resources": [
    {
      "mode": "data",
      "type": "aws_ami",
      "name": "amazon_linux",
      "provider": "provider[\"registry.terraform.io/hashicorp/aws\"]",
      "instances": [
        {
          "schema_version": 0,
          "attributes": {
            "allow_unsafe_filter": null,
            "architecture": "x86_64",
            "arn": "arn:aws:ec2:ap-south-1::image/ami-05561ceba311a6c7b",
            "block_device_mappings": [
              {
                "device_name": "/dev/xvda",
                "ebs": {
                  "delete_on_termination": "true",
                  "encrypted": "false",
                  "iops": "3000",
                  "snapshot_id": "snap-07fd5d7badefeabf8",
                  "throughput": "125",
                  "volume_initialization_rate": "0",
                  "volume_size": "8",
                  "volume_type": "gp3"
                },
                "no_device": "",
                "virtual_name": ""
              }
            ],
            "boot_mode": "uefi-preferred",
            "creation_date": "2025-11-17T16:52:48.000Z",
            "deprecation_time": "2026-02-15T00:00:00.000Z",
            "description": "Amazon Linux 2023 AMI 2023.9.20251117.1 x86_64 HVM kernel-6.12",
            "ena_support": true,
            "executable_users": null,
            "filter": [
              {
                "name": "name",
                "values": [
                  "al2023-ami-2023*-x86_64"
                ]
              },
              {
                "name": "virtualization-type",
                "values": [
                  "hvm"
                ]
              }
            ],
            "hypervisor": "xen",
            "id": "ami-05561ceba311a6c7b",
            "image_id": "ami-05561ceba311a6c7b",
            "image_location": "amazon/al2023-ami-2023.9.20251117.1-kernel-6.12-x86_64",
            "image_owner_alias": "amazon",
            "image_type": "machine",
            "imds_support": "v2.0",
            "include_deprecated": false,
            "kernel_id": "",
            "last_launched_time": "",
            "most_recent": true,
            "name": "al2023-ami-2023.9.20251117.1-kernel-6.12-x86_64",
            "name_regex": null,
            "owner_id": "137112412989",
            "owners": [
              "amazon"
            ],
            "platform": "",
            "platform_details": "Linux/UNIX",
            "product_codes": [],
            "public": true,
            "ramdisk_id": "",
            "region": "ap-south-1",
            "root_device_name": "/dev/xvda",
            "root_device_type": "ebs",
            "root_snapshot_id": "snap-07fd5d7badefeabf8",
            "sriov_net_support": "simple",
            "state": "available",
            "state_reason": {
              "code": "UNSET",
              "message": "UNSET"
            },
            "tags": {},
            "timeouts": null,
            "tpm_support": "",
            "uefi_data": null,
            "usage_operation": "RunInstances",
            "virtualization_type": "hvm"
          },
          "sensitive_attributes": [],
          "identity_schema_version": 0
        }
      ]
    },
    {
      "mode": "data",
      "type": "aws_availability_zones",
      "name": "available",
      "provider": "provider[\"registry.terraform.io/hashicorp/aws\"]",
      "instances": [
        {
          "schema_version": 0,
          "attributes": {
            "all_availability_zones": null,
            "exclude_names": null,
            "exclude_zone_ids": null,
            "filter": null,
            "group_names": [
              "ap-south-1-zg-1"
            ],
            "id": "ap-south-1",
            "names": [
              "ap-south-1a",
              "ap-south-1b",
              "ap-south-1c"
            ],
            "region": "ap-south-1",
            "state": "available",
            "timeouts": null,
            "zone_ids": [
              "aps1-az1",
              "aps1-az3",
              "aps1-az2"
            ]
          },
          "sensitive_attributes": [],
          "identity_schema_version": 0
        }
      ]
    },
    {
      "mode": "data",
      "type": "aws_caller_identity",
      "name": "current",
      "provider": "provider[\"registry.terraform.io/hashicorp/aws\"]",
      "instances": [
        {
          "schema_version": 0,
          "attributes": {
            "account_id": "304181605983",
            "arn": "arn:aws:iam::304181605983:user/mritunjay",
            "id": "304181605983",
            "user_id": "AIDAUNUVC6ZP5TCSBLSA2"
          },
          "sensitive_attributes": [],
          "identity_schema_version": 0
        }
      ]
    },
    {
      "mode": "managed",
      "type": "aws_iam_instance_profile",
      "name": "ec2_profile",
      "provider": "provider[\"registry.terraform.io/hashicorp/aws\"]",
      "instances": [
        {
          "schema_version": 0,
          "attributes": {
            "arn": "arn:aws:iam::304181605983:instance-profile/minikube-obs-ec2-profile",
            "create_date": "2025-12-02T07:14:55Z",
            "id": "minikube-obs-ec2-profile",
            "name": "minikube-obs-ec2-profile",
            "name_prefix": "",
            "path": "/",
            "role": "minikube-obs-ec2-cw-role",
            "tags": {},
            "tags_all": {},
            "unique_id": "AIPAUNUVC6ZP54TODVVT5"
          },
          "sensitive_attributes": [],
          "identity_schema_version": 0,
          "private": "bnVsbA==",
          "dependencies": [
            "aws_iam_role.ec2_cw_role"
          ]
        }
      ]
    },
    {
      "mode": "managed",
      "type": "aws_iam_role",
      "name": "ec2_cw_role",
      "provider": "provider[\"registry.terraform.io/hashicorp/aws\"]",
      "instances": [
        {
          "schema_version": 0,
          "attributes": {
            "arn": "arn:aws:iam::304181605983:role/minikube-obs-ec2-cw-role",
            "assume_role_policy": "{\"Statement\":[{\"Action\":\"sts:AssumeRole\",\"Effect\":\"Allow\",\"Principal\":{\"Service\":\"ec2.amazonaws.com\"}}],\"Version\":\"2012-10-17\"}",
            "create_date": "2025-12-02T07:14:54Z",
            "description": "",
            "force_detach_policies": false,
            "id": "minikube-obs-ec2-cw-role",
            "inline_policy": [
              {
                "name": "minikube-obs-cw-logs-policy",
                "policy": "{\"Version\":\"2012-10-17\",\"Statement\":[{\"Action\":[\"logs:CreateLogGroup\",\"logs:CreateLogStream\",\"logs:PutLogEvents\",\"logs:DescribeLogStreams\"],\"Effect\":\"Allow\",\"Resource\":\"arn:aws:logs:ap-south-1:304181605983:log-group:/minikube-obs/*\"}]}"
              }
            ],
            "managed_policy_arns": [],
            "max_session_duration": 3600,
            "name": "minikube-obs-ec2-cw-role",
            "name_prefix": "",
            "path": "/",
            "permissions_boundary": "",
            "tags": {},
            "tags_all": {},
            "unique_id": "AROAUNUVC6ZPYRLQWCHKD"
          },
          "sensitive_attributes": [],
          "identity_schema_version": 0,
          "identity": {
            "account_id": "304181605983",
            "name": "minikube-obs-ec2-cw-role"
          },
          "private": "bnVsbA=="
        }
      ]
    },
    {
      "mode": "managed",
      "type": "aws_iam_role_policy",
      "name": "cw_logs",
      "provider": "provider[\"registry.terraform.io/hashicorp/aws\"]",
      "instances": [
        {
          "schema_version": 0,
          "attributes": {
            "id": "minikube-obs-ec2-cw-role:minikube-obs-cw-logs-policy",
            "name": "minikube-obs-cw-logs-policy",
            "name_prefix": "",
            "policy": "{\"Version\":\"2012-10-17\",\"Statement\":[{\"Action\":[\"logs:CreateLogGroup\",\"logs:CreateLogStream\",\"logs:PutLogEvents\",\"logs:DescribeLogStreams\"],\"Effect\":\"Allow\",\"Resource\":\"arn:aws:logs:ap-south-1:304181605983:log-group:/minikube-obs/*\"}]}",
            "role": "minikube-obs-ec2-cw-role"
          },
          "sensitive_attributes": [],
          "identity_schema_version": 0,
          "identity": {
            "account_id": "304181605983",
            "name": "minikube-obs-cw-logs-policy",
            "role": "minikube-obs-ec2-cw-role"
          },
          "private": "bnVsbA==",
          "dependencies": [
            "aws_iam_role.ec2_cw_role",
            "data.aws_caller_identity.current"
          ]
        }
      ]
    },
    {
      "mode": "managed",
      "type": "aws_instance",
      "name": "minikube",
      "provider": "provider[\"registry.terraform.io/hashicorp/aws\"]",
      "instances": [
        {
          "schema_version": 2,
          "attributes": {
            "ami": "ami-05561ceba311a6c7b",
            "arn": "arn:aws:ec2:ap-south-1:304181605983:instance/i-027852012af8e8fb3",
            "associate_public_ip_address": true,
            "availability_zone": "ap-south-1a",
            "capacity_reservation_specification": [
              {
                "capacity_reservation_preference": "open",
                "capacity_reservation_target": []
              }
            ],
            "cpu_options": [
              {
                "amd_sev_snp": "",
                "core_count": 1,
                "threads_per_core": 2
              }
            ],
            "credit_specification": [
              {
                "cpu_credits": "unlimited"
              }
            ],
            "disable_api_stop": false,
            "disable_api_termination": false,
            "ebs_block_device": [],
            "ebs_optimized": false,
            "enable_primary_ipv6": null,
            "enclave_options": [
              {
                "enabled": false
              }
            ],
            "ephemeral_block_device": [],
            "force_destroy": false,
            "get_password_data": false,
            "hibernation": false,
            "host_id": "",
            "host_resource_group_arn": null,
            "iam_instance_profile": "minikube-obs-ec2-profile",
            "id": "i-027852012af8e8fb3",
            "instance_initiated_shutdown_behavior": "stop",
            "instance_lifecycle": "",
            "instance_market_options": [],
            "instance_state": "running",
            "instance_type": "t3.small",
            "ipv6_address_count": 0,
            "ipv6_addresses": [],
            "key_name": "minikube-obs-key",
            "launch_template": [],
            "maintenance_options": [
              {
                "auto_recovery": "default"
              }
            ],
            "metadata_options": [
              {
                "http_endpoint": "enabled",
                "http_protocol_ipv6": "disabled",
                "http_put_response_hop_limit": 2,
                "http_tokens": "required",
                "instance_metadata_tags": "disabled"
              }
            ],
            "monitoring": false,
            "network_interface": [],
            "outpost_arn": "",
            "password_data": "",
            "placement_group": "",
            "placement_group_id": "",
            "placement_partition_number": 0,
            "primary_network_interface": [
              {
                "delete_on_termination": true,
                "network_interface_id": "eni-0c4d269669a21503a"
              }
            ],
            "primary_network_interface_id": "eni-0c4d269669a21503a",
            "private_dns": "ip-10-0-1-42.ap-south-1.compute.internal",
            "private_dns_name_options": [
              {
                "enable_resource_name_dns_a_record": false,
                "enable_resource_name_dns_aaaa_record": false,
                "hostname_type": "ip-name"
              }
            ],
            "private_ip": "10.0.1.42",
            "public_dns": "ec2-65-0-100-19.ap-south-1.compute.amazonaws.com",
            "public_ip": "65.0.100.19",
            "region": "ap-south-1",
            "root_block_device": [
              {
                "delete_on_termination": true,
                "device_name": "/dev/xvda",
                "encrypted": false,
                "iops": 3000,
                "kms_key_id": "",
                "tags": null,
                "tags_all": {},
                "throughput": 125,
                "volume_id": "vol-008519711bd75c220",
                "volume_size": 20,
                "volume_type": "gp3"
              }
            ],
            "secondary_private_ips": [],
            "security_groups": [],
            "source_dest_check": true,
            "spot_instance_request_id": "",
            "subnet_id": "subnet-00e481d8ec8453566",
            "tags": {
              "Name": "minikube-obs-minikube-host"
            },
            "tags_all": {
              "Name": "minikube-obs-minikube-host"
            },
            "tenancy": "default",
            "timeouts": null,
            "user_data": "#!/bin/bash\r\nset -euo pipefail\r\n\r\n# Variables from Terraform (use lowercase as passed from templatefile)\r\nPROJECT_NAME=\"minikube-obs\"\r\nREGION=\"ap-south-1\"\r\nLOG_GROUP=\"/minikube-obs/fluentbit\"\r\n\r\n# Update system\r\nsudo yum update -y\r\nsudo yum install -y jq tar wget curl git\r\n\r\n# Install Docker\r\nsudo amazon-linux-extras install docker -y\r\nsudo usermod -a -G docker ec2-user\r\nsudo systemctl enable docker\r\nsudo systemctl start docker\r\n\r\n# Install kubectl\r\ncurl -LO \"https://dl.k8s.io/release/$(curl -L -s https://dl.k8s.io/release/stable.txt)/bin/linux/arm64/kubectl\"\r\nsudo install -o root -g root -m 0755 kubectl /usr/local/bin/kubectl\r\n\r\n# Install Helm\r\ncurl -fsSL -o get_helm.sh https://raw.githubusercontent.com/helm/helm/main/scripts/get-helm-3\r\nchmod 700 get_helm.sh\r\n./get_helm.sh\r\n\r\n# Install Minikube (ARM64)\r\ncurl -LO https://storage.googleapis.com/minikube/releases/latest/minikube-linux-arm64\r\nsudo install minikube-linux-arm64 /usr/local/bin/minikube\r\n\r\n# Start Minikube with Docker driver\r\nsudo -u ec2-user minikube start --driver=docker --nodes=1 --cpus=2 --memory=3g\r\n\r\n# Install Fluent Bit (official AWS package)\r\ncurl https://raw.githubusercontent.com/fluent/fluent-bit/master/install.sh | sh\r\nsudo systemctl enable amazon-cloudwatch-agent\r\nsudo systemctl start amazon-cloudwatch-agent\r\n\r\n# Configure Fluent Bit via CloudWatch Agent (simpler \u0026 supported)\r\nsudo mkdir -p /opt/aws/amazon-cloudwatch-agent/etc\r\ncat \u003c\u003cEOF | sudo tee /opt/aws/amazon-cloudwatch-agent/etc/amazon-cloudwatch-agent.json\r\n{\r\n  \"agent\": {\r\n    \"run_as_user\": \"cwagent\"\r\n  },\r\n  \"logs\": {\r\n    \"logs_collected\": {\r\n      \"files\": {\r\n        \"collect_list\": [\r\n          {\r\n            \"file_path\": \"/var/log/containers/*.log\",\r\n            \"log_group_name\": \"$LOG_GROUP\",\r\n            \"log_stream_name\": \"{instance_id}\",\r\n            \"timestamp_format\": \"%Y-%m-%d %H:%M:%S\"\r\n          }\r\n        ]\r\n      }\r\n    }\r\n  }\r\n}\r\nEOF\r\n\r\n# Use CloudWatch Agent (better ARM64 support than Fluent Bit RPM)\r\nsudo amazon-linux-extras install collectd -y\r\ncurl -O https://s3.amazonaws.com/amazoncloudwatch-agent/amazon_linux/arm64/latest/amazon-cloudwatch-agent.rpm\r\nsudo rpm -U ./amazon-cloudwatch-agent.rpm\r\n\r\nsudo /opt/aws/amazon-cloudwatch-agent/bin/amazon-cloudwatch-agent-ctl \\\r\n  -a fetch-config -m ec2 -c file:/opt/aws/amazon-cloudwatch-agent/etc/amazon-cloudwatch-agent.json -s\r\n\r\n# Wait for cluster\r\nsudo -u ec2-user minikube kubectl -- wait --for=condition=Ready nodes --all --timeout=300s\r\n\r\n# Add Helm repos\r\nsudo -u ec2-user helm repo add prometheus-community https://prometheus-community.github.io/helm-charts\r\nsudo -u ec2-user helm repo update\r\n\r\n# Install kube-prometheus-stack\r\nsudo -u ec2-user helm upgrade --install monitoring prometheus-community/kube-prometheus-stack \\\r\n  --namespace monitoring --create-namespace \\\r\n  --set prometheus.prometheusSpec.serviceMonitorSelectorNilUsesHelmValues=false \\\r\n  --set grafana.service.type=NodePort \\\r\n  --set grafana.service.nodePort=30001 \\\r\n  --set prometheus.service.type=NodePort \\\r\n  --set prometheus.service.nodePort=30000\r\n\r\n# Deploy sample app with metrics\r\ncat \u003c\u003cEOF | sudo -u ec2-user minikube kubectl -- apply -f -\r\napiVersion: v1\r\nkind: Namespace\r\nmetadata:\r\n  name: demo\r\n---\r\napiVersion: apps/v1\r\nkind: Deployment\r\nmetadata:\r\n  name: metrics-demo\r\n  namespace: demo\r\n  replicas: 2\r\n  selector:\r\n    matchLabels:\r\n      app: metrics-demo\r\n  template:\r\n    metadata:\r\n      labels:\r\n        app: metrics-demo\r\n    spec:\r\n      containers:\r\n      - name: app\r\n        image: paulbouwer/hello-kubernetes:1.10\r\n        ports:\r\n        - containerPort: 8080\r\n        env:\r\n        - name: PROMETHEUS_METRICS\r\n          value: \"true\"\r\n---\r\napiVersion: v1\r\nkind: Service\r\nmetadata:\r\n  name: metrics-demo\r\n  namespace: demo\r\n  annotations:\r\n    prometheus.io/scrape: \"true\"\r\n    prometheus.io/port:   \"8080\"\r\nspec:\r\n  selector:\r\n    app: metrics-demo\r\n  ports:\r\n    - port: 8080\r\n      targetPort: 8080\r\n---\r\napiVersion: v1\r\nkind: Service\r\nmetadata:\r\n  name: metrics-demo-np\r\n  namespace: demo\r\nspec:\r\n  type: NodePort\r\n  selector:\r\n    app: metrics-demo\r\n  ports:\r\n    - port: 8080\r\n      nodePort: 30080\r\n      protocol: TCP\r\nEOF\r\n\r\necho \"Bootstrap complete!\" \u003e /var/log/bootstrap-complete.log",
            "user_data_base64": null,
            "user_data_replace_on_change": false,
            "volume_tags": null,
            "vpc_security_group_ids": [
              "sg-040d57f7f06ca2c50"
            ]
          },
          "sensitive_attributes": [],
          "identity_schema_version": 0,
          "identity": {
            "account_id": "304181605983",
            "id": "i-027852012af8e8fb3",
            "region": "ap-south-1"
          },
          "private": "eyJlMmJmYjczMC1lY2FhLTExZTYtOGY4OC0zNDM2M2JjN2M0YzAiOnsiY3JlYXRlIjo2MDAwMDAwMDAwMDAsImRlbGV0ZSI6MTIwMDAwMDAwMDAwMCwicmVhZCI6OTAwMDAwMDAwMDAwLCJ1cGRhdGUiOjYwMDAwMDAwMDAwMH0sInNjaGVtYV92ZXJzaW9uIjoiMiJ9",
          "dependencies": [
            "aws_iam_instance_profile.ec2_profile",
            "aws_iam_role.ec2_cw_role",
            "aws_key_pair.deployer",
            "aws_security_group.ec2",
            "aws_subnet.public",
            "aws_vpc.main",
            "data.aws_ami.amazon_linux",
            "data.aws_availability_zones.available",
            "tls_private_key.ec2_key"
          ]
        }
      ]
    },
    {
      "mode": "managed",
      "type": "aws_internet_gateway",
      "name": "igw",
      "provider": "provider[\"registry.terraform.io/hashicorp/aws\"]",
      "instances": [
        {
          "schema_version": 0,
          "attributes": {
            "arn": "arn:aws:ec2:ap-south-1:304181605983:internet-gateway/igw-0945c3dcec9b9546d",
            "id": "igw-0945c3dcec9b9546d",
            "owner_id": "304181605983",
            "region": "ap-south-1",
            "tags": {
              "Name": "minikube-obs-igw"
            },
            "tags_all": {
              "Name": "minikube-obs-igw"
            },
            "timeouts": null,
            "vpc_id": "vpc-006a23f31a401b219"
          },
          "sensitive_attributes": [],
          "identity_schema_version": 0,
          "private": "eyJlMmJmYjczMC1lY2FhLTExZTYtOGY4OC0zNDM2M2JjN2M0YzAiOnsiY3JlYXRlIjoxMjAwMDAwMDAwMDAwLCJkZWxldGUiOjEyMDAwMDAwMDAwMDAsInVwZGF0ZSI6MTIwMDAwMDAwMDAwMH19",
          "dependencies": [
            "aws_vpc.main"
          ]
        }
      ]
    },
    {
      "mode": "managed",
      "type": "aws_key_pair",
      "name": "deployer",
      "provider": "provider[\"registry.terraform.io/hashicorp/aws\"]",
      "instances": [
        {
          "schema_version": 1,
          "attributes": {
            "arn": "arn:aws:ec2:ap-south-1:304181605983:key-pair/minikube-obs-key",
            "fingerprint": "HRw/O5Ed7p2f5adng+XL+2b+VkALA0r/Xd/kRpmzfa8=",
            "id": "minikube-obs-key",
            "key_name": "minikube-obs-key",
            "key_name_prefix": "",
            "key_pair_id": "key-006248b49273ecd74",
            "key_type": "ed25519",
            "public_key": "ssh-ed25519 AAAAC3NzaC1lZDI1NTE5AAAAIJLGpjQttT75n12SFaPWjP4Bnemxj6pPEAfkQGdnhtdq",
            "region": "ap-south-1",
            "tags": null,
            "tags_all": {}
          },
          "sensitive_attributes": [],
          "identity_schema_version": 0,
          "private": "eyJzY2hlbWFfdmVyc2lvbiI6IjEifQ==",
          "dependencies": [
            "tls_private_key.ec2_key"
          ]
        }
      ]
    },
    {
      "mode": "managed",
      "type": "aws_route_table",
      "name": "public",
      "provider": "provider[\"registry.terraform.io/hashicorp/aws\"]",
      "instances": [
        {
          "schema_version": 0,
          "attributes": {
            "arn": "arn:aws:ec2:ap-south-1:304181605983:route-table/rtb-001a3b9916daf9a8d",
            "id": "rtb-001a3b9916daf9a8d",
            "owner_id": "304181605983",
            "propagating_vgws": [],
            "region": "ap-south-1",
            "route": [
              {
                "carrier_gateway_id": "",
                "cidr_block": "0.0.0.0/0",
                "core_network_arn": "",
                "destination_prefix_list_id": "",
                "egress_only_gateway_id": "",
                "gateway_id": "igw-0945c3dcec9b9546d",
                "ipv6_cidr_block": "",
                "local_gateway_id": "",
                "nat_gateway_id": "",
                "network_interface_id": "",
                "transit_gateway_id": "",
                "vpc_endpoint_id": "",
                "vpc_peering_connection_id": ""
              }
            ],
            "tags": {
              "Name": "minikube-obs-public-rt"
            },
            "tags_all": {
              "Name": "minikube-obs-public-rt"
            },
            "timeouts": null,
            "vpc_id": "vpc-006a23f31a401b219"
          },
          "sensitive_attributes": [],
          "identity_schema_version": 0,
          "identity": {
            "account_id": "304181605983",
            "id": "rtb-001a3b9916daf9a8d",
            "region": "ap-south-1"
          },
          "private": "eyJlMmJmYjczMC1lY2FhLTExZTYtOGY4OC0zNDM2M2JjN2M0YzAiOnsiY3JlYXRlIjozMDAwMDAwMDAwMDAsImRlbGV0ZSI6MzAwMDAwMDAwMDAwLCJ1cGRhdGUiOjEyMDAwMDAwMDAwMH19",
          "dependencies": [
            "aws_internet_gateway.igw",
            "aws_vpc.main"
          ]
        }
      ]
    },
    {
      "mode": "managed",
      "type": "aws_route_table_association",
      "name": "public",
      "provider": "provider[\"registry.terraform.io/hashicorp/aws\"]",
      "instances": [
        {
          "schema_version": 0,
          "attributes": {
            "gateway_id": "",
            "id": "rtbassoc-0a357c4cf99e5f8ad",
            "region": "ap-south-1",
            "route_table_id": "rtb-001a3b9916daf9a8d",
            "subnet_id": "subnet-00e481d8ec8453566",
            "timeouts": null
          },
          "sensitive_attributes": [],
          "identity_schema_version": 0,
          "private": "eyJlMmJmYjczMC1lY2FhLTExZTYtOGY4OC0zNDM2M2JjN2M0YzAiOnsiY3JlYXRlIjozMDAwMDAwMDAwMDAsImRlbGV0ZSI6MzAwMDAwMDAwMDAwLCJ1cGRhdGUiOjEyMDAwMDAwMDAwMH19",
          "dependencies": [
            "aws_internet_gateway.igw",
            "aws_route_table.public",
            "aws_subnet.public",
            "aws_vpc.main",
            "data.aws_availability_zones.available"
          ]
        }
      ]
    },
    {
      "mode": "managed",
      "type": "aws_security_group",
      "name": "ec2",
      "provider": "provider[\"registry.terraform.io/hashicorp/aws\"]",
      "instances": [
        {
          "schema_version": 1,
          "attributes": {
            "arn": "arn:aws:ec2:ap-south-1:304181605983:security-group/sg-040d57f7f06ca2c50",
            "description": "Allow SSH and Minikube/Prometheus ports",
            "egress": [
              {
                "cidr_blocks": [
                  "0.0.0.0/0"
                ],
                "description": "",
                "from_port": 0,
                "ipv6_cidr_blocks": [],
                "prefix_list_ids": [],
                "protocol": "-1",
                "security_groups": [],
                "self": false,
                "to_port": 0
              }
            ],
            "id": "sg-040d57f7f06ca2c50",
            "ingress": [
              {
                "cidr_blocks": [
                  "0.0.0.0/0"
                ],
                "description": "Grafana",
                "from_port": 30001,
                "ipv6_cidr_blocks": [],
                "prefix_list_ids": [],
                "protocol": "tcp",
                "security_groups": [],
                "self": false,
                "to_port": 30001
              },
              {
                "cidr_blocks": [
                  "0.0.0.0/0"
                ],
                "description": "Prometheus UI",
                "from_port": 30000,
                "ipv6_cidr_blocks": [],
                "prefix_list_ids": [],
                "protocol": "tcp",
                "security_groups": [],
                "self": false,
                "to_port": 30000
              },
              {
                "cidr_blocks": [
                  "0.0.0.0/0"
                ],
                "description": "SSH",
                "from_port": 22,
                "ipv6_cidr_blocks": [],
                "prefix_list_ids": [],
                "protocol": "tcp",
                "security_groups": [],
                "self": false,
                "to_port": 22
              }
            ],
            "name": "minikube-obs-ec2-sg",
            "name_prefix": "",
            "owner_id": "304181605983",
            "region": "ap-south-1",
            "revoke_rules_on_delete": false,
            "tags": {
              "Name": "minikube-obs-ec2-sg"
            },
            "tags_all": {
              "Name": "minikube-obs-ec2-sg"
            },
            "timeouts": null,
            "vpc_id": "vpc-006a23f31a401b219"
          },
          "sensitive_attributes": [],
          "identity_schema_version": 0,
          "identity": {
            "account_id": "304181605983",
            "id": "sg-040d57f7f06ca2c50",
            "region": "ap-south-1"
          },
          "private": "eyJlMmJmYjczMC1lY2FhLTExZTYtOGY4OC0zNDM2M2JjN2M0YzAiOnsiY3JlYXRlIjo2MDAwMDAwMDAwMDAsImRlbGV0ZSI6OTAwMDAwMDAwMDAwfSwic2NoZW1hX3ZlcnNpb24iOiIxIn0=",
          "dependencies": [
            "aws_vpc.main"
          ]
        }
      ]
    },
    {
      "mode": "managed",
      "type": "aws_subnet",
      "name": "public",
      "provider": "provider[\"registry.terraform.io/hashicorp/aws\"]",
      "instances": [
        {
          "schema_version": 1,
          "attributes": {
            "arn": "arn:aws:ec2:ap-south-1:304181605983:subnet/subnet-00e481d8ec8453566",
            "assign_ipv6_address_on_creation": false,
            "availability_zone": "ap-south-1a",
            "availability_zone_id": "aps1-az1",
            "cidr_block": "10.0.1.0/24",
            "customer_owned_ipv4_pool": "",
            "enable_dns64": false,
            "enable_lni_at_device_index": 0,
            "enable_resource_name_dns_a_record_on_launch": false,
            "enable_resource_name_dns_aaaa_record_on_launch": false,
            "id": "subnet-00e481d8ec8453566",
            "ipv6_cidr_block": "",
            "ipv6_cidr_block_association_id": "",
            "ipv6_native": false,
            "map_customer_owned_ip_on_launch": false,
            "map_public_ip_on_launch": true,
            "outpost_arn": "",
            "owner_id": "304181605983",
            "private_dns_hostname_type_on_launch": "ip-name",
            "region": "ap-south-1",
            "tags": {
              "Name": "minikube-obs-public-subnet"
            },
            "tags_all": {
              "Name": "minikube-obs-public-subnet"
            },
            "timeouts": null,
            "vpc_id": "vpc-006a23f31a401b219"
          },
          "sensitive_attributes": [],
          "identity_schema_version": 0,
          "identity": {
            "account_id": "304181605983",
            "id": "subnet-00e481d8ec8453566",
            "region": "ap-south-1"
          },
          "private": "eyJlMmJmYjczMC1lY2FhLTExZTYtOGY4OC0zNDM2M2JjN2M0YzAiOnsiY3JlYXRlIjo2MDAwMDAwMDAwMDAsImRlbGV0ZSI6MTIwMDAwMDAwMDAwMH0sInNjaGVtYV92ZXJzaW9uIjoiMSJ9",
          "dependencies": [
            "aws_vpc.main",
            "data.aws_availability_zones.available"
          ]
        }
      ]
    },
    {
      "mode": "managed",
      "type": "aws_vpc",
      "name": "main",
      "provider": "provider[\"registry.terraform.io/hashicorp/aws\"]",
      "instances": [
        {
          "schema_version": 1,
          "attributes": {
            "arn": "arn:aws:ec2:ap-south-1:304181605983:vpc/vpc-006a23f31a401b219",
            "assign_generated_ipv6_cidr_block": false,
            "cidr_block": "10.0.0.0/16",
            "default_network_acl_id": "acl-0382a8f86510df920",
            "default_route_table_id": "rtb-02454ec7ce8fc69ee",
            "default_security_group_id": "sg-07d18b7812bb036be",
            "dhcp_options_id": "dopt-096eb477caa526cfd",
            "enable_dns_hostnames": true,
            "enable_dns_support": true,
            "enable_network_address_usage_metrics": false,
            "id": "vpc-006a23f31a401b219",
            "instance_tenancy": "default",
            "ipv4_ipam_pool_id": null,
            "ipv4_netmask_length": null,
            "ipv6_association_id": "",
            "ipv6_cidr_block": "",
            "ipv6_cidr_block_network_border_group": "",
            "ipv6_ipam_pool_id": "",
            "ipv6_netmask_length": 0,
            "main_route_table_id": "rtb-02454ec7ce8fc69ee",
            "owner_id": "304181605983",
            "region": "ap-south-1",
            "tags": {
              "Name": "minikube-obs-vpc"
            },
            "tags_all": {
              "Name": "minikube-obs-vpc"
            }
          },
          "sensitive_attributes": [],
          "identity_schema_version": 0,
          "identity": {
            "account_id": "304181605983",
            "id": "vpc-006a23f31a401b219",
            "region": "ap-south-1"
          },
          "private": "eyJzY2hlbWFfdmVyc2lvbiI6IjEifQ=="
        }
      ]
    },
    {
      "mode": "managed",
      "type": "local_file",
      "name": "private_key",
      "provider": "provider[\"registry.terraform.io/hashicorp/local\"]",
      "instances": [
        {
          "schema_version": 0,
          "attributes": {
            "content": "-----BEGIN OPENSSH PRIVATE KEY-----\nb3BlbnNzaC1rZXktdjEAAAAABG5vbmUAAAAEbm9uZQAAAAAAAAABAAAAMwAAAAtz\nc2gtZWQyNTUxOQAAACCSxqY0LbU++Z9dkhWj1oz+AZ3psY+qTxAH5EBnZ4bXagAA\nAIhURJ9FVESfRQAAAAtzc2gtZWQyNTUxOQAAACCSxqY0LbU++Z9dkhWj1oz+AZ3p\nsY+qTxAH5EBnZ4bXagAAAEA3uY2mcFWPd/okaZ6UCkHQglvRRnTOY+bhlY3FkuoZ\nCJLGpjQttT75n12SFaPWjP4Bnemxj6pPEAfkQGdnhtdqAAAAAAECAwQF\n-----END OPENSSH PRIVATE KEY-----\n",
            "content_base64": null,
            "content_base64sha256": "kNl23n4XFDkkbrVUv4MyT2MN3vHUCbQCukMBCrPvPH0=",
            "content_base64sha512": "YErZWEYRx3CUp/OzhG4M4yvVn8Ynfx/Bay7zwTBGMPD9lFBirLu6JVlLzjYq0DeRDeLpl89aWcd4Z0Ai5Wl/Rg==",
            "content_md5": "496fcbf1e95d7c408816432c92aec3b0",
            "content_sha1": "1c21a656ec52fbcabf35b14df9dd7c305c0a1328",
            "content_sha256": "90d976de7e171439246eb554bf83324f630ddef1d409b402ba43010ab3ef3c7d",
            "content_sha512": "604ad9584611c77094a7f3b3846e0ce32bd59fc6277f1fc16b2ef3c1304630f0fd945062acbbba25594bce362ad037910de2e997cf5a59c778674022e5697f46",
            "directory_permission": "0777",
            "file_permission": "0600",
            "filename": "ec2_key.pem",
            "id": "1c21a656ec52fbcabf35b14df9dd7c305c0a1328",
            "sensitive_content": null,
            "source": null
          },
          "sensitive_attributes": [
            [
              {
                "type": "get_attr",
                "value": "content"
              }
            ],
            [
              {
                "type": "get_attr",
                "value": "sensitive_content"
              }
            ]
          ],
          "identity_schema_version": 0,
          "dependencies": [
            "tls_private_key.ec2_key"
          ]
        }
      ]
    },
    {
      "mode": "managed",
      "type": "tls_private_key",
      "name": "ec2_key",
      "provider": "provider[\"registry.terraform.io/hashicorp/tls\"]",
      "instances": [
        {
          "schema_version": 1,
          "attributes": {
            "algorithm": "ED25519",
            "ecdsa_curve": "P224",
            "id": "ec9f74e7307c62556a330fbb70e408c300639de6",
            "private_key_openssh": "-----BEGIN OPENSSH PRIVATE KEY-----\nb3BlbnNzaC1rZXktdjEAAAAABG5vbmUAAAAEbm9uZQAAAAAAAAABAAAAMwAAAAtz\nc2gtZWQyNTUxOQAAACCSxqY0LbU++Z9dkhWj1oz+AZ3psY+qTxAH5EBnZ4bXagAA\nAIhURJ9FVESfRQAAAAtzc2gtZWQyNTUxOQAAACCSxqY0LbU++Z9dkhWj1oz+AZ3p\nsY+qTxAH5EBnZ4bXagAAAEA3uY2mcFWPd/okaZ6UCkHQglvRRnTOY+bhlY3FkuoZ\nCJLGpjQttT75n12SFaPWjP4Bnemxj6pPEAfkQGdnhtdqAAAAAAECAwQF\n-----END OPENSSH PRIVATE KEY-----\n",
            "private_key_pem": "-----BEGIN PRIVATE KEY-----\nMC4CAQAwBQYDK2VwBCIEIDe5jaZwVY93+iRpnpQKQdCCW9FGdM5j5uGVjcWS6hkI\n-----END PRIVATE KEY-----\n",
            "private_key_pem_pkcs8": "-----BEGIN PRIVATE KEY-----\nMC4CAQAwBQYDK2VwBCIEIDe5jaZwVY93+iRpnpQKQdCCW9FGdM5j5uGVjcWS6hkI\n-----END PRIVATE KEY-----\n",
            "public_key_fingerprint_md5": "96:d6:f4:55:a8:43:a9:6b:4b:85:2f:00:2a:24:1b:9a",
            "public_key_fingerprint_sha256": "SHA256:HRw/O5Ed7p2f5adng+XL+2b+VkALA0r/Xd/kRpmzfa8",
            "public_key_openssh": "ssh-ed25519 AAAAC3NzaC1lZDI1NTE5AAAAIJLGpjQttT75n12SFaPWjP4Bnemxj6pPEAfkQGdnhtdq\n",
            "public_key_pem": "-----BEGIN PUBLIC KEY-----\nMCowBQYDK2VwAyEAksamNC21PvmfXZIVo9aM/gGd6bGPqk8QB+RAZ2eG12o=\n-----END PUBLIC KEY-----\n",
            "rsa_bits": 2048
          },
          "sensitive_attributes": [
            [
              {
                "type": "get_attr",
                "value": "private_key_openssh"
              }
            ],
            [
              {
                "type": "get_attr",
                "value": "private_key_pem"
              }
            ],
            [
              {
                "type": "get_attr",
                "value": "private_key_pem_pkcs8"
              }
            ]
          ],
          "identity_schema_version": 0
        }
      ]
    }
  ],
  "check_results": null
}
